// !$*UTF8*$!
{
	archiveVersion = 1;
	classes = {
	};
	objectVersion = 50;
	objects = {

/* Begin PBXBuildFile section */
		7792EEAC22C56A2600883C41 /* AppDelegate.swift in Sources */ = {isa = PBXBuildFile; fileRef = 7792EEAB22C56A2600883C41 /* AppDelegate.swift */; };
		7792EEAE22C56A2600883C41 /* ViewController.swift in Sources */ = {isa = PBXBuildFile; fileRef = 7792EEAD22C56A2600883C41 /* ViewController.swift */; };
		7792EEB122C56A2600883C41 /* Main.storyboard in Resources */ = {isa = PBXBuildFile; fileRef = 7792EEAF22C56A2600883C41 /* Main.storyboard */; };
		7792EEB322C56A2700883C41 /* Assets.xcassets in Resources */ = {isa = PBXBuildFile; fileRef = 7792EEB222C56A2700883C41 /* Assets.xcassets */; };
		7792EEB622C56A2700883C41 /* LaunchScreen.storyboard in Resources */ = {isa = PBXBuildFile; fileRef = 7792EEB422C56A2700883C41 /* LaunchScreen.storyboard */; };
		7792EEC122C56A2700883C41 /* Inspec_EZ_Safety_WalletTests.swift in Sources */ = {isa = PBXBuildFile; fileRef = 7792EEC022C56A2700883C41 /* Inspec_EZ_Safety_WalletTests.swift */; };
		7792EECC22C56A2700883C41 /* Inspec_EZ_Safety_WalletUITests.swift in Sources */ = {isa = PBXBuildFile; fileRef = 7792EECB22C56A2700883C41 /* Inspec_EZ_Safety_WalletUITests.swift */; };
		7792EEFE22C56F6F00883C41 /* WebKit.framework in Frameworks */ = {isa = PBXBuildFile; fileRef = 7792EEFD22C56F6F00883C41 /* WebKit.framework */; };
		77CA1E9D22C90932003C6B3A /* Icon-App-60x60@3x.png in Resources */ = {isa = PBXBuildFile; fileRef = 77CA1E8C22C90931003C6B3A /* Icon-App-60x60@3x.png */; };
		77CA1E9E22C90932003C6B3A /* Icon-App-29x29@2x.png in Resources */ = {isa = PBXBuildFile; fileRef = 77CA1E8D22C90931003C6B3A /* Icon-App-29x29@2x.png */; };
		77CA1E9F22C90932003C6B3A /* Icon-App-76x76@1x.png in Resources */ = {isa = PBXBuildFile; fileRef = 77CA1E8E22C90931003C6B3A /* Icon-App-76x76@1x.png */; };
		77CA1EA022C90932003C6B3A /* Icon-App-40x40@2x.png in Resources */ = {isa = PBXBuildFile; fileRef = 77CA1E8F22C90931003C6B3A /* Icon-App-40x40@2x.png */; };
		77CA1EA122C90932003C6B3A /* Icon-App-40x40@1x.png in Resources */ = {isa = PBXBuildFile; fileRef = 77CA1E9022C90931003C6B3A /* Icon-App-40x40@1x.png */; };
		77CA1EA222C90932003C6B3A /* Icon-App-76x76@2x.png in Resources */ = {isa = PBXBuildFile; fileRef = 77CA1E9122C90931003C6B3A /* Icon-App-76x76@2x.png */; };
		77CA1EA322C90932003C6B3A /* iTunesArtwork@3x.png in Resources */ = {isa = PBXBuildFile; fileRef = 77CA1E9222C90931003C6B3A /* iTunesArtwork@3x.png */; };
		77CA1EA422C90932003C6B3A /* Icon-App-29x29@3x.png in Resources */ = {isa = PBXBuildFile; fileRef = 77CA1E9322C90931003C6B3A /* Icon-App-29x29@3x.png */; };
		77CA1EA522C90932003C6B3A /* Icon-App-20x20@3x.png in Resources */ = {isa = PBXBuildFile; fileRef = 77CA1E9422C90931003C6B3A /* Icon-App-20x20@3x.png */; };
		77CA1EA622C90932003C6B3A /* Icon-App-29x29@1x.png in Resources */ = {isa = PBXBuildFile; fileRef = 77CA1E9522C90932003C6B3A /* Icon-App-29x29@1x.png */; };
		77CA1EA722C90932003C6B3A /* Icon-App-20x20@2x.png in Resources */ = {isa = PBXBuildFile; fileRef = 77CA1E9622C90932003C6B3A /* Icon-App-20x20@2x.png */; };
		77CA1EA822C90932003C6B3A /* Icon-App-83.5x83.5@2x.png in Resources */ = {isa = PBXBuildFile; fileRef = 77CA1E9722C90932003C6B3A /* Icon-App-83.5x83.5@2x.png */; };
		77CA1EA922C90932003C6B3A /* iTunesArtwork@1x.png in Resources */ = {isa = PBXBuildFile; fileRef = 77CA1E9822C90932003C6B3A /* iTunesArtwork@1x.png */; };
		77CA1EAA22C90932003C6B3A /* ItunesArtwork@2x.png in Resources */ = {isa = PBXBuildFile; fileRef = 77CA1E9922C90932003C6B3A /* ItunesArtwork@2x.png */; };
		77CA1EAB22C90932003C6B3A /* Icon-App-20x20@1x.png in Resources */ = {isa = PBXBuildFile; fileRef = 77CA1E9A22C90932003C6B3A /* Icon-App-20x20@1x.png */; };
		77CA1EAC22C90932003C6B3A /* Icon-App-40x40@3x.png in Resources */ = {isa = PBXBuildFile; fileRef = 77CA1E9B22C90932003C6B3A /* Icon-App-40x40@3x.png */; };
		77CA1EAD22C90932003C6B3A /* Icon-App-60x60@2x.png in Resources */ = {isa = PBXBuildFile; fileRef = 77CA1E9C22C90932003C6B3A /* Icon-App-60x60@2x.png */; };
		77CA1EAF22C90958003C6B3A /* Banner Safety Wallet.png in Resources */ = {isa = PBXBuildFile; fileRef = 77CA1EAE22C90957003C6B3A /* Banner Safety Wallet.png */; };
/* End PBXBuildFile section */

/* Begin PBXContainerItemProxy section */
		7792EEBD22C56A2700883C41 /* PBXContainerItemProxy */ = {
			isa = PBXContainerItemProxy;
			containerPortal = 7792EEA022C56A2600883C41 /* Project object */;
			proxyType = 1;
			remoteGlobalIDString = 7792EEA722C56A2600883C41;
			remoteInfo = "Inspec EZ Safety Wallet";
		};
		7792EEC822C56A2700883C41 /* PBXContainerItemProxy */ = {
			isa = PBXContainerItemProxy;
			containerPortal = 7792EEA022C56A2600883C41 /* Project object */;
			proxyType = 1;
			remoteGlobalIDString = 7792EEA722C56A2600883C41;
			remoteInfo = "Inspec EZ Safety Wallet";
		};
/* End PBXContainerItemProxy section */

/* Begin PBXFileReference section */
		7792EEA822C56A2600883C41 /* Inspec EZ Safety Wallet.app */ = {isa = PBXFileReference; explicitFileType = wrapper.application; includeInIndex = 0; path = "Inspec EZ Safety Wallet.app"; sourceTree = BUILT_PRODUCTS_DIR; };
		7792EEAB22C56A2600883C41 /* AppDelegate.swift */ = {isa = PBXFileReference; lastKnownFileType = sourcecode.swift; path = AppDelegate.swift; sourceTree = "<group>"; };
		7792EEAD22C56A2600883C41 /* ViewController.swift */ = {isa = PBXFileReference; lastKnownFileType = sourcecode.swift; path = ViewController.swift; sourceTree = "<group>"; };
		7792EEB022C56A2600883C41 /* Base */ = {isa = PBXFileReference; lastKnownFileType = file.storyboard; name = Base; path = Base.lproj/Main.storyboard; sourceTree = "<group>"; };
		7792EEB222C56A2700883C41 /* Assets.xcassets */ = {isa = PBXFileReference; lastKnownFileType = folder.assetcatalog; path = Assets.xcassets; sourceTree = "<group>"; };
		7792EEB522C56A2700883C41 /* Base */ = {isa = PBXFileReference; lastKnownFileType = file.storyboard; name = Base; path = Base.lproj/LaunchScreen.storyboard; sourceTree = "<group>"; };
		7792EEB722C56A2700883C41 /* Info.plist */ = {isa = PBXFileReference; lastKnownFileType = text.plist.xml; path = Info.plist; sourceTree = "<group>"; };
		7792EEBC22C56A2700883C41 /* Inspec EZ Safety WalletTests.xctest */ = {isa = PBXFileReference; explicitFileType = wrapper.cfbundle; includeInIndex = 0; path = "Inspec EZ Safety WalletTests.xctest"; sourceTree = BUILT_PRODUCTS_DIR; };
		7792EEC022C56A2700883C41 /* Inspec_EZ_Safety_WalletTests.swift */ = {isa = PBXFileReference; lastKnownFileType = sourcecode.swift; path = Inspec_EZ_Safety_WalletTests.swift; sourceTree = "<group>"; };
		7792EEC222C56A2700883C41 /* Info.plist */ = {isa = PBXFileReference; lastKnownFileType = text.plist.xml; path = Info.plist; sourceTree = "<group>"; };
		7792EEC722C56A2700883C41 /* Inspec EZ Safety WalletUITests.xctest */ = {isa = PBXFileReference; explicitFileType = wrapper.cfbundle; includeInIndex = 0; path = "Inspec EZ Safety WalletUITests.xctest"; sourceTree = BUILT_PRODUCTS_DIR; };
		7792EECB22C56A2700883C41 /* Inspec_EZ_Safety_WalletUITests.swift */ = {isa = PBXFileReference; lastKnownFileType = sourcecode.swift; path = Inspec_EZ_Safety_WalletUITests.swift; sourceTree = "<group>"; };
		7792EECD22C56A2700883C41 /* Info.plist */ = {isa = PBXFileReference; lastKnownFileType = text.plist.xml; path = Info.plist; sourceTree = "<group>"; };
		7792EEFD22C56F6F00883C41 /* WebKit.framework */ = {isa = PBXFileReference; lastKnownFileType = wrapper.framework; name = WebKit.framework; path = System/Library/Frameworks/WebKit.framework; sourceTree = SDKROOT; };
		77CA1E8C22C90931003C6B3A /* Icon-App-60x60@3x.png */ = {isa = PBXFileReference; lastKnownFileType = image.png; path = "Icon-App-60x60@3x.png"; sourceTree = "<group>"; };
		77CA1E8D22C90931003C6B3A /* Icon-App-29x29@2x.png */ = {isa = PBXFileReference; lastKnownFileType = image.png; path = "Icon-App-29x29@2x.png"; sourceTree = "<group>"; };
		77CA1E8E22C90931003C6B3A /* Icon-App-76x76@1x.png */ = {isa = PBXFileReference; lastKnownFileType = image.png; path = "Icon-App-76x76@1x.png"; sourceTree = "<group>"; };
		77CA1E8F22C90931003C6B3A /* Icon-App-40x40@2x.png */ = {isa = PBXFileReference; lastKnownFileType = image.png; path = "Icon-App-40x40@2x.png"; sourceTree = "<group>"; };
		77CA1E9022C90931003C6B3A /* Icon-App-40x40@1x.png */ = {isa = PBXFileReference; lastKnownFileType = image.png; path = "Icon-App-40x40@1x.png"; sourceTree = "<group>"; };
		77CA1E9122C90931003C6B3A /* Icon-App-76x76@2x.png */ = {isa = PBXFileReference; lastKnownFileType = image.png; path = "Icon-App-76x76@2x.png"; sourceTree = "<group>"; };
		77CA1E9222C90931003C6B3A /* iTunesArtwork@3x.png */ = {isa = PBXFileReference; lastKnownFileType = image.png; path = "iTunesArtwork@3x.png"; sourceTree = "<group>"; };
		77CA1E9322C90931003C6B3A /* Icon-App-29x29@3x.png */ = {isa = PBXFileReference; lastKnownFileType = image.png; path = "Icon-App-29x29@3x.png"; sourceTree = "<group>"; };
		77CA1E9422C90931003C6B3A /* Icon-App-20x20@3x.png */ = {isa = PBXFileReference; lastKnownFileType = image.png; path = "Icon-App-20x20@3x.png"; sourceTree = "<group>"; };
		77CA1E9522C90932003C6B3A /* Icon-App-29x29@1x.png */ = {isa = PBXFileReference; lastKnownFileType = image.png; path = "Icon-App-29x29@1x.png"; sourceTree = "<group>"; };
		77CA1E9622C90932003C6B3A /* Icon-App-20x20@2x.png */ = {isa = PBXFileReference; lastKnownFileType = image.png; path = "Icon-App-20x20@2x.png"; sourceTree = "<group>"; };
		77CA1E9722C90932003C6B3A /* Icon-App-83.5x83.5@2x.png */ = {isa = PBXFileReference; lastKnownFileType = image.png; path = "Icon-App-83.5x83.5@2x.png"; sourceTree = "<group>"; };
		77CA1E9822C90932003C6B3A /* iTunesArtwork@1x.png */ = {isa = PBXFileReference; lastKnownFileType = image.png; path = "iTunesArtwork@1x.png"; sourceTree = "<group>"; };
		77CA1E9922C90932003C6B3A /* ItunesArtwork@2x.png */ = {isa = PBXFileReference; lastKnownFileType = image.png; path = "ItunesArtwork@2x.png"; sourceTree = "<group>"; };
		77CA1E9A22C90932003C6B3A /* Icon-App-20x20@1x.png */ = {isa = PBXFileReference; lastKnownFileType = image.png; path = "Icon-App-20x20@1x.png"; sourceTree = "<group>"; };
		77CA1E9B22C90932003C6B3A /* Icon-App-40x40@3x.png */ = {isa = PBXFileReference; lastKnownFileType = image.png; path = "Icon-App-40x40@3x.png"; sourceTree = "<group>"; };
		77CA1E9C22C90932003C6B3A /* Icon-App-60x60@2x.png */ = {isa = PBXFileReference; lastKnownFileType = image.png; path = "Icon-App-60x60@2x.png"; sourceTree = "<group>"; };
		77CA1EAE22C90957003C6B3A /* Banner Safety Wallet.png */ = {isa = PBXFileReference; lastKnownFileType = image.png; path = "Banner Safety Wallet.png"; sourceTree = "<group>"; };
/* End PBXFileReference section */

/* Begin PBXFrameworksBuildPhase section */
		7792EEA522C56A2600883C41 /* Frameworks */ = {
			isa = PBXFrameworksBuildPhase;
			buildActionMask = 2147483647;
			files = (
				7792EEFE22C56F6F00883C41 /* WebKit.framework in Frameworks */,
			);
			runOnlyForDeploymentPostprocessing = 0;
		};
		7792EEB922C56A2700883C41 /* Frameworks */ = {
			isa = PBXFrameworksBuildPhase;
			buildActionMask = 2147483647;
			files = (
			);
			runOnlyForDeploymentPostprocessing = 0;
		};
		7792EEC422C56A2700883C41 /* Frameworks */ = {
			isa = PBXFrameworksBuildPhase;
			buildActionMask = 2147483647;
			files = (
			);
			runOnlyForDeploymentPostprocessing = 0;
		};
/* End PBXFrameworksBuildPhase section */

/* Begin PBXGroup section */
		7792EE9F22C56A2600883C41 = {
			isa = PBXGroup;
			children = (
				7792EED922C56EC200883C41 /* Artwork */,
				7792EEAA22C56A2600883C41 /* Inspec EZ Safety Wallet */,
				7792EEBF22C56A2700883C41 /* Inspec EZ Safety WalletTests */,
				7792EECA22C56A2700883C41 /* Inspec EZ Safety WalletUITests */,
				7792EEA922C56A2600883C41 /* Products */,
				7792EEFC22C56F6F00883C41 /* Frameworks */,
			);
			sourceTree = "<group>";
		};
		7792EEA922C56A2600883C41 /* Products */ = {
			isa = PBXGroup;
			children = (
				7792EEA822C56A2600883C41 /* Inspec EZ Safety Wallet.app */,
				7792EEBC22C56A2700883C41 /* Inspec EZ Safety WalletTests.xctest */,
				7792EEC722C56A2700883C41 /* Inspec EZ Safety WalletUITests.xctest */,
			);
			name = Products;
			sourceTree = "<group>";
		};
		7792EEAA22C56A2600883C41 /* Inspec EZ Safety Wallet */ = {
			isa = PBXGroup;
			children = (
				7792EEAB22C56A2600883C41 /* AppDelegate.swift */,
				7792EEAD22C56A2600883C41 /* ViewController.swift */,
				7792EEAF22C56A2600883C41 /* Main.storyboard */,
				7792EEB222C56A2700883C41 /* Assets.xcassets */,
				7792EEB422C56A2700883C41 /* LaunchScreen.storyboard */,
				7792EEB722C56A2700883C41 /* Info.plist */,
			);
			path = "Inspec EZ Safety Wallet";
			sourceTree = "<group>";
		};
		7792EEBF22C56A2700883C41 /* Inspec EZ Safety WalletTests */ = {
			isa = PBXGroup;
			children = (
				7792EEC022C56A2700883C41 /* Inspec_EZ_Safety_WalletTests.swift */,
				7792EEC222C56A2700883C41 /* Info.plist */,
			);
			path = "Inspec EZ Safety WalletTests";
			sourceTree = "<group>";
		};
		7792EECA22C56A2700883C41 /* Inspec EZ Safety WalletUITests */ = {
			isa = PBXGroup;
			children = (
				7792EECB22C56A2700883C41 /* Inspec_EZ_Safety_WalletUITests.swift */,
				7792EECD22C56A2700883C41 /* Info.plist */,
			);
			path = "Inspec EZ Safety WalletUITests";
			sourceTree = "<group>";
		};
		7792EED922C56EC200883C41 /* Artwork */ = {
			isa = PBXGroup;
			children = (
				77CA1EAE22C90957003C6B3A /* Banner Safety Wallet.png */,
				77CA1E9A22C90932003C6B3A /* Icon-App-20x20@1x.png */,
				77CA1E9622C90932003C6B3A /* Icon-App-20x20@2x.png */,
				77CA1E9422C90931003C6B3A /* Icon-App-20x20@3x.png */,
				77CA1E9522C90932003C6B3A /* Icon-App-29x29@1x.png */,
				77CA1E8D22C90931003C6B3A /* Icon-App-29x29@2x.png */,
				77CA1E9322C90931003C6B3A /* Icon-App-29x29@3x.png */,
				77CA1E9022C90931003C6B3A /* Icon-App-40x40@1x.png */,
				77CA1E8F22C90931003C6B3A /* Icon-App-40x40@2x.png */,
				77CA1E9B22C90932003C6B3A /* Icon-App-40x40@3x.png */,
				77CA1E9C22C90932003C6B3A /* Icon-App-60x60@2x.png */,
				77CA1E8C22C90931003C6B3A /* Icon-App-60x60@3x.png */,
				77CA1E8E22C90931003C6B3A /* Icon-App-76x76@1x.png */,
				77CA1E9122C90931003C6B3A /* Icon-App-76x76@2x.png */,
				77CA1E9722C90932003C6B3A /* Icon-App-83.5x83.5@2x.png */,
				77CA1E9822C90932003C6B3A /* iTunesArtwork@1x.png */,
				77CA1E9922C90932003C6B3A /* ItunesArtwork@2x.png */,
				77CA1E9222C90931003C6B3A /* iTunesArtwork@3x.png */,
			);
			path = Artwork;
			sourceTree = "<group>";
		};
		7792EEFC22C56F6F00883C41 /* Frameworks */ = {
			isa = PBXGroup;
			children = (
				7792EEFD22C56F6F00883C41 /* WebKit.framework */,
			);
			name = Frameworks;
			sourceTree = "<group>";
		};
/* End PBXGroup section */

/* Begin PBXNativeTarget section */
		7792EEA722C56A2600883C41 /* Inspec EZ Safety Wallet */ = {
			isa = PBXNativeTarget;
			buildConfigurationList = 7792EED022C56A2700883C41 /* Build configuration list for PBXNativeTarget "Inspec EZ Safety Wallet" */;
			buildPhases = (
				7792EEA422C56A2600883C41 /* Sources */,
				7792EEA522C56A2600883C41 /* Frameworks */,
				7792EEA622C56A2600883C41 /* Resources */,
			);
			buildRules = (
			);
			dependencies = (
			);
			name = "Inspec EZ Safety Wallet";
			productName = "Inspec EZ Safety Wallet";
			productReference = 7792EEA822C56A2600883C41 /* Inspec EZ Safety Wallet.app */;
			productType = "com.apple.product-type.application";
		};
		7792EEBB22C56A2700883C41 /* Inspec EZ Safety WalletTests */ = {
			isa = PBXNativeTarget;
			buildConfigurationList = 7792EED322C56A2700883C41 /* Build configuration list for PBXNativeTarget "Inspec EZ Safety WalletTests" */;
			buildPhases = (
				7792EEB822C56A2700883C41 /* Sources */,
				7792EEB922C56A2700883C41 /* Frameworks */,
				7792EEBA22C56A2700883C41 /* Resources */,
			);
			buildRules = (
			);
			dependencies = (
				7792EEBE22C56A2700883C41 /* PBXTargetDependency */,
			);
			name = "Inspec EZ Safety WalletTests";
			productName = "Inspec EZ Safety WalletTests";
			productReference = 7792EEBC22C56A2700883C41 /* Inspec EZ Safety WalletTests.xctest */;
			productType = "com.apple.product-type.bundle.unit-test";
		};
		7792EEC622C56A2700883C41 /* Inspec EZ Safety WalletUITests */ = {
			isa = PBXNativeTarget;
			buildConfigurationList = 7792EED622C56A2700883C41 /* Build configuration list for PBXNativeTarget "Inspec EZ Safety WalletUITests" */;
			buildPhases = (
				7792EEC322C56A2700883C41 /* Sources */,
				7792EEC422C56A2700883C41 /* Frameworks */,
				7792EEC522C56A2700883C41 /* Resources */,
			);
			buildRules = (
			);
			dependencies = (
				7792EEC922C56A2700883C41 /* PBXTargetDependency */,
			);
			name = "Inspec EZ Safety WalletUITests";
			productName = "Inspec EZ Safety WalletUITests";
			productReference = 7792EEC722C56A2700883C41 /* Inspec EZ Safety WalletUITests.xctest */;
			productType = "com.apple.product-type.bundle.ui-testing";
		};
/* End PBXNativeTarget section */

/* Begin PBXProject section */
		7792EEA022C56A2600883C41 /* Project object */ = {
			isa = PBXProject;
			attributes = {
				LastSwiftUpdateCheck = 1020;
				LastUpgradeCheck = 1020;
				ORGANIZATIONNAME = "Inspec Health Solutions";
				TargetAttributes = {
					7792EEA722C56A2600883C41 = {
						CreatedOnToolsVersion = 10.2.1;
					};
					7792EEBB22C56A2700883C41 = {
						CreatedOnToolsVersion = 10.2.1;
						TestTargetID = 7792EEA722C56A2600883C41;
					};
					7792EEC622C56A2700883C41 = {
						CreatedOnToolsVersion = 10.2.1;
						TestTargetID = 7792EEA722C56A2600883C41;
					};
				};
			};
			buildConfigurationList = 7792EEA322C56A2600883C41 /* Build configuration list for PBXProject "Inspec EZ Safety Wallet" */;
			compatibilityVersion = "Xcode 9.3";
			developmentRegion = en;
			hasScannedForEncodings = 0;
			knownRegions = (
				en,
				Base,
			);
			mainGroup = 7792EE9F22C56A2600883C41;
			productRefGroup = 7792EEA922C56A2600883C41 /* Products */;
			projectDirPath = "";
			projectRoot = "";
			targets = (
				7792EEA722C56A2600883C41 /* Inspec EZ Safety Wallet */,
				7792EEBB22C56A2700883C41 /* Inspec EZ Safety WalletTests */,
				7792EEC622C56A2700883C41 /* Inspec EZ Safety WalletUITests */,
			);
		};
/* End PBXProject section */

/* Begin PBXResourcesBuildPhase section */
		7792EEA622C56A2600883C41 /* Resources */ = {
			isa = PBXResourcesBuildPhase;
			buildActionMask = 2147483647;
			files = (
				77CA1EAF22C90958003C6B3A /* Banner Safety Wallet.png in Resources */,
				77CA1E9E22C90932003C6B3A /* Icon-App-29x29@2x.png in Resources */,
				7792EEB622C56A2700883C41 /* LaunchScreen.storyboard in Resources */,
				77CA1EA922C90932003C6B3A /* iTunesArtwork@1x.png in Resources */,
				77CA1EA222C90932003C6B3A /* Icon-App-76x76@2x.png in Resources */,
				7792EEB322C56A2700883C41 /* Assets.xcassets in Resources */,
				77CA1EAB22C90932003C6B3A /* Icon-App-20x20@1x.png in Resources */,
				77CA1EAD22C90932003C6B3A /* Icon-App-60x60@2x.png in Resources */,
				77CA1EA822C90932003C6B3A /* Icon-App-83.5x83.5@2x.png in Resources */,
				77CA1EA622C90932003C6B3A /* Icon-App-29x29@1x.png in Resources */,
				77CA1EA422C90932003C6B3A /* Icon-App-29x29@3x.png in Resources */,
				77CA1EA022C90932003C6B3A /* Icon-App-40x40@2x.png in Resources */,
				7792EEB122C56A2600883C41 /* Main.storyboard in Resources */,
				77CA1EA722C90932003C6B3A /* Icon-App-20x20@2x.png in Resources */,
				77CA1EA322C90932003C6B3A /* iTunesArtwork@3x.png in Resources */,
				77CA1EA122C90932003C6B3A /* Icon-App-40x40@1x.png in Resources */,
				77CA1E9D22C90932003C6B3A /* Icon-App-60x60@3x.png in Resources */,
				77CA1EAC22C90932003C6B3A /* Icon-App-40x40@3x.png in Resources */,
				77CA1EAA22C90932003C6B3A /* ItunesArtwork@2x.png in Resources */,
				77CA1E9F22C90932003C6B3A /* Icon-App-76x76@1x.png in Resources */,
				77CA1EA522C90932003C6B3A /* Icon-App-20x20@3x.png in Resources */,
			);
			runOnlyForDeploymentPostprocessing = 0;
		};
		7792EEBA22C56A2700883C41 /* Resources */ = {
			isa = PBXResourcesBuildPhase;
			buildActionMask = 2147483647;
			files = (
			);
			runOnlyForDeploymentPostprocessing = 0;
		};
		7792EEC522C56A2700883C41 /* Resources */ = {
			isa = PBXResourcesBuildPhase;
			buildActionMask = 2147483647;
			files = (
			);
			runOnlyForDeploymentPostprocessing = 0;
		};
/* End PBXResourcesBuildPhase section */

/* Begin PBXSourcesBuildPhase section */
		7792EEA422C56A2600883C41 /* Sources */ = {
			isa = PBXSourcesBuildPhase;
			buildActionMask = 2147483647;
			files = (
				7792EEAE22C56A2600883C41 /* ViewController.swift in Sources */,
				7792EEAC22C56A2600883C41 /* AppDelegate.swift in Sources */,
			);
			runOnlyForDeploymentPostprocessing = 0;
		};
		7792EEB822C56A2700883C41 /* Sources */ = {
			isa = PBXSourcesBuildPhase;
			buildActionMask = 2147483647;
			files = (
				7792EEC122C56A2700883C41 /* Inspec_EZ_Safety_WalletTests.swift in Sources */,
			);
			runOnlyForDeploymentPostprocessing = 0;
		};
		7792EEC322C56A2700883C41 /* Sources */ = {
			isa = PBXSourcesBuildPhase;
			buildActionMask = 2147483647;
			files = (
				7792EECC22C56A2700883C41 /* Inspec_EZ_Safety_WalletUITests.swift in Sources */,
			);
			runOnlyForDeploymentPostprocessing = 0;
		};
/* End PBXSourcesBuildPhase section */

/* Begin PBXTargetDependency section */
		7792EEBE22C56A2700883C41 /* PBXTargetDependency */ = {
			isa = PBXTargetDependency;
			target = 7792EEA722C56A2600883C41 /* Inspec EZ Safety Wallet */;
			targetProxy = 7792EEBD22C56A2700883C41 /* PBXContainerItemProxy */;
		};
		7792EEC922C56A2700883C41 /* PBXTargetDependency */ = {
			isa = PBXTargetDependency;
			target = 7792EEA722C56A2600883C41 /* Inspec EZ Safety Wallet */;
			targetProxy = 7792EEC822C56A2700883C41 /* PBXContainerItemProxy */;
		};
/* End PBXTargetDependency section */

/* Begin PBXVariantGroup section */
		7792EEAF22C56A2600883C41 /* Main.storyboard */ = {
			isa = PBXVariantGroup;
			children = (
				7792EEB022C56A2600883C41 /* Base */,
			);
			name = Main.storyboard;
			sourceTree = "<group>";
		};
		7792EEB422C56A2700883C41 /* LaunchScreen.storyboard */ = {
			isa = PBXVariantGroup;
			children = (
				7792EEB522C56A2700883C41 /* Base */,
			);
			name = LaunchScreen.storyboard;
			sourceTree = "<group>";
		};
/* End PBXVariantGroup section */

/* Begin XCBuildConfiguration section */
		7792EECE22C56A2700883C41 /* Debug */ = {
			isa = XCBuildConfiguration;
			buildSettings = {
				ALWAYS_SEARCH_USER_PATHS = NO;
				CLANG_ANALYZER_NONNULL = YES;
				CLANG_ANALYZER_NUMBER_OBJECT_CONVERSION = YES_AGGRESSIVE;
				CLANG_CXX_LANGUAGE_STANDARD = "gnu++14";
				CLANG_CXX_LIBRARY = "libc++";
				CLANG_ENABLE_MODULES = YES;
				CLANG_ENABLE_OBJC_ARC = YES;
				CLANG_ENABLE_OBJC_WEAK = YES;
				CLANG_WARN_BLOCK_CAPTURE_AUTORELEASING = YES;
				CLANG_WARN_BOOL_CONVERSION = YES;
				CLANG_WARN_COMMA = YES;
				CLANG_WARN_CONSTANT_CONVERSION = YES;
				CLANG_WARN_DEPRECATED_OBJC_IMPLEMENTATIONS = YES;
				CLANG_WARN_DIRECT_OBJC_ISA_USAGE = YES_ERROR;
				CLANG_WARN_DOCUMENTATION_COMMENTS = YES;
				CLANG_WARN_EMPTY_BODY = YES;
				CLANG_WARN_ENUM_CONVERSION = YES;
				CLANG_WARN_INFINITE_RECURSION = YES;
				CLANG_WARN_INT_CONVERSION = YES;
				CLANG_WARN_NON_LITERAL_NULL_CONVERSION = YES;
				CLANG_WARN_OBJC_IMPLICIT_RETAIN_SELF = YES;
				CLANG_WARN_OBJC_LITERAL_CONVERSION = YES;
				CLANG_WARN_OBJC_ROOT_CLASS = YES_ERROR;
				CLANG_WARN_RANGE_LOOP_ANALYSIS = YES;
				CLANG_WARN_STRICT_PROTOTYPES = YES;
				CLANG_WARN_SUSPICIOUS_MOVE = YES;
				CLANG_WARN_UNGUARDED_AVAILABILITY = YES_AGGRESSIVE;
				CLANG_WARN_UNREACHABLE_CODE = YES;
				CLANG_WARN__DUPLICATE_METHOD_MATCH = YES;
				CODE_SIGN_IDENTITY = "iPhone Developer";
				COPY_PHASE_STRIP = NO;
				DEBUG_INFORMATION_FORMAT = dwarf;
				ENABLE_STRICT_OBJC_MSGSEND = YES;
				ENABLE_TESTABILITY = YES;
				GCC_C_LANGUAGE_STANDARD = gnu11;
				GCC_DYNAMIC_NO_PIC = NO;
				GCC_NO_COMMON_BLOCKS = YES;
				GCC_OPTIMIZATION_LEVEL = 0;
				GCC_PREPROCESSOR_DEFINITIONS = (
					"DEBUG=1",
					"$(inherited)",
				);
				GCC_WARN_64_TO_32_BIT_CONVERSION = YES;
				GCC_WARN_ABOUT_RETURN_TYPE = YES_ERROR;
				GCC_WARN_UNDECLARED_SELECTOR = YES;
				GCC_WARN_UNINITIALIZED_AUTOS = YES_AGGRESSIVE;
				GCC_WARN_UNUSED_FUNCTION = YES;
				GCC_WARN_UNUSED_VARIABLE = YES;
				IPHONEOS_DEPLOYMENT_TARGET = 12.2;
				MTL_ENABLE_DEBUG_INFO = INCLUDE_SOURCE;
				MTL_FAST_MATH = YES;
				ONLY_ACTIVE_ARCH = YES;
				SDKROOT = iphoneos;
				SWIFT_ACTIVE_COMPILATION_CONDITIONS = DEBUG;
				SWIFT_OPTIMIZATION_LEVEL = "-Onone";
			};
			name = Debug;
		};
		7792EECF22C56A2700883C41 /* Release */ = {
			isa = XCBuildConfiguration;
			buildSettings = {
				ALWAYS_SEARCH_USER_PATHS = NO;
				CLANG_ANALYZER_NONNULL = YES;
				CLANG_ANALYZER_NUMBER_OBJECT_CONVERSION = YES_AGGRESSIVE;
				CLANG_CXX_LANGUAGE_STANDARD = "gnu++14";
				CLANG_CXX_LIBRARY = "libc++";
				CLANG_ENABLE_MODULES = YES;
				CLANG_ENABLE_OBJC_ARC = YES;
				CLANG_ENABLE_OBJC_WEAK = YES;
				CLANG_WARN_BLOCK_CAPTURE_AUTORELEASING = YES;
				CLANG_WARN_BOOL_CONVERSION = YES;
				CLANG_WARN_COMMA = YES;
				CLANG_WARN_CONSTANT_CONVERSION = YES;
				CLANG_WARN_DEPRECATED_OBJC_IMPLEMENTATIONS = YES;
				CLANG_WARN_DIRECT_OBJC_ISA_USAGE = YES_ERROR;
				CLANG_WARN_DOCUMENTATION_COMMENTS = YES;
				CLANG_WARN_EMPTY_BODY = YES;
				CLANG_WARN_ENUM_CONVERSION = YES;
				CLANG_WARN_INFINITE_RECURSION = YES;
				CLANG_WARN_INT_CONVERSION = YES;
				CLANG_WARN_NON_LITERAL_NULL_CONVERSION = YES;
				CLANG_WARN_OBJC_IMPLICIT_RETAIN_SELF = YES;
				CLANG_WARN_OBJC_LITERAL_CONVERSION = YES;
				CLANG_WARN_OBJC_ROOT_CLASS = YES_ERROR;
				CLANG_WARN_RANGE_LOOP_ANALYSIS = YES;
				CLANG_WARN_STRICT_PROTOTYPES = YES;
				CLANG_WARN_SUSPICIOUS_MOVE = YES;
				CLANG_WARN_UNGUARDED_AVAILABILITY = YES_AGGRESSIVE;
				CLANG_WARN_UNREACHABLE_CODE = YES;
				CLANG_WARN__DUPLICATE_METHOD_MATCH = YES;
				CODE_SIGN_IDENTITY = "iPhone Developer";
				COPY_PHASE_STRIP = NO;
				DEBUG_INFORMATION_FORMAT = "dwarf-with-dsym";
				ENABLE_NS_ASSERTIONS = NO;
				ENABLE_STRICT_OBJC_MSGSEND = YES;
				GCC_C_LANGUAGE_STANDARD = gnu11;
				GCC_NO_COMMON_BLOCKS = YES;
				GCC_WARN_64_TO_32_BIT_CONVERSION = YES;
				GCC_WARN_ABOUT_RETURN_TYPE = YES_ERROR;
				GCC_WARN_UNDECLARED_SELECTOR = YES;
				GCC_WARN_UNINITIALIZED_AUTOS = YES_AGGRESSIVE;
				GCC_WARN_UNUSED_FUNCTION = YES;
				GCC_WARN_UNUSED_VARIABLE = YES;
				IPHONEOS_DEPLOYMENT_TARGET = 12.2;
				MTL_ENABLE_DEBUG_INFO = NO;
				MTL_FAST_MATH = YES;
				SDKROOT = iphoneos;
				SWIFT_COMPILATION_MODE = wholemodule;
				SWIFT_OPTIMIZATION_LEVEL = "-O";
				VALIDATE_PRODUCT = YES;
			};
			name = Release;
		};
		7792EED122C56A2700883C41 /* Debug */ = {
			isa = XCBuildConfiguration;
			buildSettings = {
				ASSETCATALOG_COMPILER_APPICON_NAME = AppIcon;
				CODE_SIGN_IDENTITY = "iPhone Developer";
				CODE_SIGN_STYLE = Automatic;
				DEVELOPMENT_TEAM = FLQZ38YVAB;
				INFOPLIST_FILE = "Inspec EZ Safety Wallet/Info.plist";
				IPHONEOS_DEPLOYMENT_TARGET = 12.2;
				LD_RUNPATH_SEARCH_PATHS = (
					"$(inherited)",
					"@executable_path/Frameworks",
				);
				PRODUCT_BUNDLE_IDENTIFIER = app.inspechealthsolutions.ca.Inspec.EzSafety.Wallet;
				PRODUCT_NAME = "$(TARGET_NAME)";
				PROVISIONING_PROFILE_SPECIFIER = "";
				SWIFT_VERSION = 5.0;
				TARGETED_DEVICE_FAMILY = "1,2";
			};
			name = Debug;
		};
		7792EED222C56A2700883C41 /* Release */ = {
			isa = XCBuildConfiguration;
			buildSettings = {
				ASSETCATALOG_COMPILER_APPICON_NAME = AppIcon;
				CODE_SIGN_IDENTITY = "iPhone Developer";
				CODE_SIGN_STYLE = Automatic;
				DEVELOPMENT_TEAM = FLQZ38YVAB;
				INFOPLIST_FILE = "Inspec EZ Safety Wallet/Info.plist";
				IPHONEOS_DEPLOYMENT_TARGET = 12.2;
				LD_RUNPATH_SEARCH_PATHS = (
					"$(inherited)",
					"@executable_path/Frameworks",
				);
				PRODUCT_BUNDLE_IDENTIFIER = app.inspechealthsolutions.ca.Inspec.EzSafety.Wallet;
				PRODUCT_NAME = "$(TARGET_NAME)";
				PROVISIONING_PROFILE_SPECIFIER = "";
				SWIFT_VERSION = 5.0;
				TARGETED_DEVICE_FAMILY = "1,2";
			};
			name = Release;
		};
		7792EED422C56A2700883C41 /* Debug */ = {
			isa = XCBuildConfiguration;
			buildSettings = {
				ALWAYS_EMBED_SWIFT_STANDARD_LIBRARIES = YES;
				BUNDLE_LOADER = "$(TEST_HOST)";
				CODE_SIGN_STYLE = Automatic;
				DEVELOPMENT_TEAM = 3QG88HT347;
				INFOPLIST_FILE = "Inspec EZ Safety WalletTests/Info.plist";
				LD_RUNPATH_SEARCH_PATHS = (
					"$(inherited)",
					"@executable_path/Frameworks",
					"@loader_path/Frameworks",
				);
				PRODUCT_BUNDLE_IDENTIFIER = "inspechealthsolutions.ca.Inspec-EZ-Safety-WalletTests";
				PRODUCT_NAME = "$(TARGET_NAME)";
				SWIFT_VERSION = 5.0;
				TARGETED_DEVICE_FAMILY = "1,2";
				TEST_HOST = "$(BUILT_PRODUCTS_DIR)/Inspec EZ Safety Wallet.app/Inspec EZ Safety Wallet";
			};
			name = Debug;
		};
		7792EED522C56A2700883C41 /* Release */ = {
			isa = XCBuildConfiguration;
			buildSettings = {
				ALWAYS_EMBED_SWIFT_STANDARD_LIBRARIES = YES;
				BUNDLE_LOADER = "$(TEST_HOST)";
				CODE_SIGN_STYLE = Automatic;
				DEVELOPMENT_TEAM = 3QG88HT347;
				INFOPLIST_FILE = "Inspec EZ Safety WalletTests/Info.plist";
				LD_RUNPATH_SEARCH_PATHS = (
					"$(inherited)",
					"@executable_path/Frameworks",
					"@loader_path/Frameworks",
				);
				PRODUCT_BUNDLE_IDENTIFIER = "inspechealthsolutions.ca.Inspec-EZ-Safety-WalletTests";
				PRODUCT_NAME = "$(TARGET_NAME)";
				SWIFT_VERSION = 5.0;
				TARGETED_DEVICE_FAMILY = "1,2";
				TEST_HOST = "$(BUILT_PRODUCTS_DIR)/Inspec EZ Safety Wallet.app/Inspec EZ Safety Wallet";
			};
			name = Release;
		};
		7792EED722C56A2700883C41 /* Debug */ = {
			isa = XCBuildConfiguration;
			buildSettings = {
				ALWAYS_EMBED_SWIFT_STANDARD_LIBRARIES = YES;
				CODE_SIGN_STYLE = Automatic;
				DEVELOPMENT_TEAM = 3QG88HT347;
				INFOPLIST_FILE = "Inspec EZ Safety WalletUITests/Info.plist";
				LD_RUNPATH_SEARCH_PATHS = (
					"$(inherited)",
					"@executable_path/Frameworks",
					"@loader_path/Frameworks",
				);
				PRODUCT_BUNDLE_IDENTIFIER = "inspechealthsolutions.ca.Inspec-EZ-Safety-WalletUITests";
				PRODUCT_NAME = "$(TARGET_NAME)";
				SWIFT_VERSION = 5.0;
				TARGETED_DEVICE_FAMILY = "1,2";
				TEST_TARGET_NAME = "Inspec EZ Safety Wallet";
			};
			name = Debug;
		};
		7792EED822C56A2700883C41 /* Release */ = {
			isa = XCBuildConfiguration;
			buildSettings = {
				ALWAYS_EMBED_SWIFT_STANDARD_LIBRARIES = YES;
				CODE_SIGN_STYLE = Automatic;
				DEVELOPMENT_TEAM = 3QG88HT347;
				INFOPLIST_FILE = "Inspec EZ Safety WalletUITests/Info.plist";
				LD_RUNPATH_SEARCH_PATHS = (
					"$(inherited)",
					"@executable_path/Frameworks",
					"@loader_path/Frameworks",
				);
				PRODUCT_BUNDLE_IDENTIFIER = "inspechealthsolutions.ca.Inspec-EZ-Safety-WalletUITests";
				PRODUCT_NAME = "$(TARGET_NAME)";
				SWIFT_VERSION = 5.0;
				TARGETED_DEVICE_FAMILY = "1,2";
				TEST_TARGET_NAME = "Inspec EZ Safety Wallet";
			};
			name = Release;
		};
/* End XCBuildConfiguration section */

/* Begin XCConfigurationList section */
		7792EEA322C56A2600883C41 /* Build configuration list for PBXProject "Inspec EZ Safety Wallet" */ = {
			isa = XCConfigurationList;
			buildConfigurations = (
				7792EECE22C56A2700883C41 /* Debug */,
				7792EECF22C56A2700883C41 /* Release */,
			);
			defaultConfigurationIsVisible = 0;
			defaultConfigurationName = Release;
		};
		7792EED022C56A2700883C41 /* Build configuration list for PBXNativeTarget "Inspec EZ Safety Wallet" */ = {
			isa = XCConfigurationList;
			buildConfigurations = (
				7792EED122C56A2700883C41 /* Debug */,
				7792EED222C56A2700883C41 /* Release */,
			);
			defaultConfigurationIsVisible = 0;
			defaultConfigurationName = Release;
		};
		7792EED322C56A2700883C41 /* Build configuration list for PBXNativeTarget "Inspec EZ Safety WalletTests" */ = {
			isa = XCConfigurationList;
			buildConfigurations = (
				7792EED422C56A2700883C41 /* Debug */,
				7792EED522C56A2700883C41 /* Release */,
			);
			defaultConfigurationIsVisible = 0;
			defaultConfigurationName = Release;
		};
		7792EED622C56A2700883C41 /* Build configuration list for PBXNativeTarget "Inspec EZ Safety WalletUITests" */ = {
			isa = XCConfigurationList;
			buildConfigurations = (
				7792EED722C56A2700883C41 /* Debug */,
				7792EED822C56A2700883C41 /* Release */,
			);
			defaultConfigurationIsVisible = 0;
			defaultConfigurationName = Release;
		};
/* End XCConfigurationList section */
	};
	rootObject = 7792EEA022C56A2600883C41 /* Project object */;
}
